
Microsoft Visual Studio Solution File, Format Version 12.00
# Visual Studio Version 17
VisualStudioVersion = 17.0.32112.339
MinimumVisualStudioVersion = 10.0.40219.1
Project("{9A19103F-16F7-4668-BE54-9A1E7A4F7556}") = "NoSolid", "NoSolid\NoSolid.csproj", "{F3EA6F64-1898-483F-B5F4-ED059A44DF30}"
EndProject
Project("{9A19103F-16F7-4668-BE54-9A1E7A4F7556}") = "WithSolid", "WithSolid\WithSolid.csproj", "{DF46D2A2-8FA0-4E14-8B3D-90434AB10365}"
EndProject
Global
	GlobalSection(SolutionConfigurationPlatforms) = preSolution
		Debug|Any CPU = Debug|Any CPU
		Release|Any CPU = Release|Any CPU
	EndGlobalSection
	GlobalSection(ProjectConfigurationPlatforms) = postSolution
		{F3EA6F64-1898-483F-B5F4-ED059A44DF30}.Debug|Any CPU.ActiveCfg = Debug|Any CPU
		{F3EA6F64-1898-483F-B5F4-ED059A44DF30}.Debug|Any CPU.Build.0 = Debug|Any CPU
		{F3EA6F64-1898-483F-B5F4-ED059A44DF30}.Release|Any CPU.ActiveCfg = Release|Any CPU
		{F3EA6F64-1898-483F-B5F4-ED059A44DF30}.Release|Any CPU.Build.0 = Release|Any CPU
		{DF46D2A2-8FA0-4E14-8B3D-90434AB10365}.Debug|Any CPU.ActiveCfg = Debug|Any CPU
		{DF46D2A2-8FA0-4E14-8B3D-90434AB10365}.Debug|Any CPU.Build.0 = Debug|Any CPU
		{DF46D2A2-8FA0-4E14-8B3D-90434AB10365}.Release|Any CPU.ActiveCfg = Release|Any CPU
		{DF46D2A2-8FA0-4E14-8B3D-90434AB10365}.Release|Any CPU.Build.0 = Release|Any CPU
	EndGlobalSection
	GlobalSection(SolutionProperties) = preSolution
		HideSolutionNode = FALSE
	EndGlobalSection
	GlobalSection(ExtensibilityGlobals) = postSolution
		SolutionGuid = {DEE8934F-501C-496D-BA76-933412C582F2}
	EndGlobalSection
EndGlobal
