
Microsoft Visual Studio Solution File, Format Version 12.00
# Visual Studio Version 16
VisualStudioVersion = 16.0.30114.105
MinimumVisualStudioVersion = 10.0.40219.1
Project("{FAE04EC0-301F-11D3-BF4B-00C04F79EFBC}") = "Uqs.Weather", "Uqs.Weather\Uqs.Weather.csproj", "{CF7DEBFC-E6C9-432A-9F2E-F5D534A8BD0A}"
EndProject
Global
	GlobalSection(SolutionConfigurationPlatforms) = preSolution
		Debug|Any CPU = Debug|Any CPU
		Release|Any CPU = Release|Any CPU
	EndGlobalSection
	GlobalSection(SolutionProperties) = preSolution
		HideSolutionNode = FALSE
	EndGlobalSection
	GlobalSection(ProjectConfigurationPlatforms) = postSolution
		{CF7DEBFC-E6C9-432A-9F2E-F5D534A8BD0A}.Debug|Any CPU.ActiveCfg = Debug|Any CPU
		{CF7DEBFC-E6C9-432A-9F2E-F5D534A8BD0A}.Debug|Any CPU.Build.0 = Debug|Any CPU
		{CF7DEBFC-E6C9-432A-9F2E-F5D534A8BD0A}.Release|Any CPU.ActiveCfg = Release|Any CPU
		{CF7DEBFC-E6C9-432A-9F2E-F5D534A8BD0A}.Release|Any CPU.Build.0 = Release|Any CPU
	EndGlobalSection
EndGlobal
