
Microsoft Visual Studio Solution File, Format Version 12.00
# Visual Studio Version 16
VisualStudioVersion = 16.0.30114.105
MinimumVisualStudioVersion = 10.0.40219.1
Project("{FAE04EC0-301F-11D3-BF4B-00C04F79EFBC}") = "Uqs.Customer", "Uqs.Customer\Uqs.Customer.csproj", "{59F7B656-5927-421F-9230-9EA3EC935DC8}"
EndProject
Project("{FAE04EC0-301F-11D3-BF4B-00C04F79EFBC}") = "Uqs.Customer.Tests.Unit", "Uqs.Customer.Tests.Unit\Uqs.Customer.Tests.Unit.csproj", "{50B3CEBF-4683-43D8-9C47-6BEF02B1C8F9}"
EndProject
Global
	GlobalSection(SolutionConfigurationPlatforms) = preSolution
		Debug|Any CPU = Debug|Any CPU
		Release|Any CPU = Release|Any CPU
	EndGlobalSection
	GlobalSection(SolutionProperties) = preSolution
		HideSolutionNode = FALSE
	EndGlobalSection
	GlobalSection(ProjectConfigurationPlatforms) = postSolution
		{59F7B656-5927-421F-9230-9EA3EC935DC8}.Debug|Any CPU.ActiveCfg = Debug|Any CPU
		{59F7B656-5927-421F-9230-9EA3EC935DC8}.Debug|Any CPU.Build.0 = Debug|Any CPU
		{59F7B656-5927-421F-9230-9EA3EC935DC8}.Release|Any CPU.ActiveCfg = Release|Any CPU
		{59F7B656-5927-421F-9230-9EA3EC935DC8}.Release|Any CPU.Build.0 = Release|Any CPU
		{50B3CEBF-4683-43D8-9C47-6BEF02B1C8F9}.Debug|Any CPU.ActiveCfg = Debug|Any CPU
		{50B3CEBF-4683-43D8-9C47-6BEF02B1C8F9}.Debug|Any CPU.Build.0 = Debug|Any CPU
		{50B3CEBF-4683-43D8-9C47-6BEF02B1C8F9}.Release|Any CPU.ActiveCfg = Release|Any CPU
		{50B3CEBF-4683-43D8-9C47-6BEF02B1C8F9}.Release|Any CPU.Build.0 = Release|Any CPU
	EndGlobalSection
EndGlobal
